
Microsoft Visual Studio Solution File, Format Version 12.00
# Visual Studio Version 16
VisualStudioVersion = 16.0.31025.194
MinimumVisualStudioVersion = 10.0.40219.1
Project("{9A19103F-16F7-4668-BE54-9A1E7A4F7556}") = "snakeAndLadder", "snakeAndLadder\snakeAndLadder.csproj", "{2C113A6C-C1C8-4532-9540-B4ADF86391B5}"
EndProject
Global
	GlobalSection(SolutionConfigurationPlatforms) = preSolution
		Debug|Any CPU = Debug|Any CPU
		Release|Any CPU = Release|Any CPU
	EndGlobalSection
	GlobalSection(ProjectConfigurationPlatforms) = postSolution
		{2C113A6C-C1C8-4532-9540-B4ADF86391B5}.Debug|Any CPU.ActiveCfg = Debug|Any CPU
		{2C113A6C-C1C8-4532-9540-B4ADF86391B5}.Debug|Any CPU.Build.0 = Debug|Any CPU
		{2C113A6C-C1C8-4532-9540-B4ADF86391B5}.Release|Any CPU.ActiveCfg = Release|Any CPU
		{2C113A6C-C1C8-4532-9540-B4ADF86391B5}.Release|Any CPU.Build.0 = Release|Any CPU
	EndGlobalSection
	GlobalSection(SolutionProperties) = preSolution
		HideSolutionNode = FALSE
	EndGlobalSection
	GlobalSection(ExtensibilityGlobals) = postSolution
		SolutionGuid = {E48DFF67-1DFC-405F-AE54-12A965DEDCA4}
	EndGlobalSection
EndGlobal
